// !$*UTF8*$!
{
	archiveVersion = 1;
	classes = {
	};
	objectVersion = 46;
	objects = {

/* Begin PBXBuildFile section */
		3C1333591B65AFC700B18C60 /* main.m in Sources */ = {isa = PBXBuildFile; fileRef = 3C1333581B65AFC700B18C60 /* main.m */; };
		3C13335C1B65AFC700B18C60 /* AppDelegate.m in Sources */ = {isa = PBXBuildFile; fileRef = 3C13335B1B65AFC700B18C60 /* AppDelegate.m */; };
		3C13335F1B65AFC700B18C60 /* ViewController.m in Sources */ = {isa = PBXBuildFile; fileRef = 3C13335E1B65AFC700B18C60 /* ViewController.m */; };
		3C1333621B65AFC700B18C60 /* Main.storyboard in Resources */ = {isa = PBXBuildFile; fileRef = 3C1333601B65AFC700B18C60 /* Main.storyboard */; };
		3C1333641B65AFC700B18C60 /* Images.xcassets in Resources */ = {isa = PBXBuildFile; fileRef = 3C1333631B65AFC700B18C60 /* Images.xcassets */; };
		3C1333671B65AFC700B18C60 /* LaunchScreen.xib in Resources */ = {isa = PBXBuildFile; fileRef = 3C1333651B65AFC700B18C60 /* LaunchScreen.xib */; };
		3C1333731B65AFC700B18C60 /* RibbitTests.m in Sources */ = {isa = PBXBuildFile; fileRef = 3C1333721B65AFC700B18C60 /* RibbitTests.m */; };
		3C1333841B65B2E300B18C60 /* camera.png in Resources */ = {isa = PBXBuildFile; fileRef = 3C13337E1B65B2E300B18C60 /* camera.png */; };
		3C1333851B65B2E300B18C60 /* friends.png in Resources */ = {isa = PBXBuildFile; fileRef = 3C13337F1B65B2E300B18C60 /* friends.png */; };
		3C1333861B65B2E300B18C60 /* inbox.png in Resources */ = {isa = PBXBuildFile; fileRef = 3C1333801B65B2E300B18C60 /* inbox.png */; };
		3C1333871B65B2E300B18C60 /* camera@2x.png in Resources */ = {isa = PBXBuildFile; fileRef = 3C1333811B65B2E300B18C60 /* camera@2x.png */; };
		3C1333881B65B2E300B18C60 /* friends@2x.png in Resources */ = {isa = PBXBuildFile; fileRef = 3C1333821B65B2E300B18C60 /* friends@2x.png */; };
		3C1333891B65B2E300B18C60 /* inbox@2x.png in Resources */ = {isa = PBXBuildFile; fileRef = 3C1333831B65B2E300B18C60 /* inbox@2x.png */; };
		3C13338D1B65CFCF00B18C60 /* InboxTableViewController.m in Sources */ = {isa = PBXBuildFile; fileRef = 3C13338C1B65CFCF00B18C60 /* InboxTableViewController.m */; };
		3C235E401B6DE063003BECAE /* FriendsViewController.m in Sources */ = {isa = PBXBuildFile; fileRef = 3C235E3F1B6DE063003BECAE /* FriendsViewController.m */; };
		3CD6C0891B6C29930068DDC2 /* EditFriendsTableViewController.m in Sources */ = {isa = PBXBuildFile; fileRef = 3CD6C0881B6C29930068DDC2 /* EditFriendsTableViewController.m */; };
		3CDCF4001B68744700ADCFFF /* Bolts.framework in Frameworks */ = {isa = PBXBuildFile; fileRef = 3CDCF3FA1B68744700ADCFFF /* Bolts.framework */; };
		3CDCF4011B68744700ADCFFF /* Parse.framework in Frameworks */ = {isa = PBXBuildFile; fileRef = 3CDCF3FB1B68744700ADCFFF /* Parse.framework */; };
		3CDCF4021B68744700ADCFFF /* ParseCrashReporting.framework in Frameworks */ = {isa = PBXBuildFile; fileRef = 3CDCF3FC1B68744700ADCFFF /* ParseCrashReporting.framework */; };
		3CDCF4031B68744700ADCFFF /* ParseFacebookUtils.framework in Frameworks */ = {isa = PBXBuildFile; fileRef = 3CDCF3FD1B68744700ADCFFF /* ParseFacebookUtils.framework */; };
		3CDCF4041B68744700ADCFFF /* ParseFacebookUtilsV4.framework in Frameworks */ = {isa = PBXBuildFile; fileRef = 3CDCF3FE1B68744700ADCFFF /* ParseFacebookUtilsV4.framework */; };
		3CDCF4051B68744700ADCFFF /* ParseUI.framework in Frameworks */ = {isa = PBXBuildFile; fileRef = 3CDCF3FF1B68744700ADCFFF /* ParseUI.framework */; };
		3CDCF4071B6874D100ADCFFF /* AudioToolbox.framework in Frameworks */ = {isa = PBXBuildFile; fileRef = 3CDCF4061B6874D100ADCFFF /* AudioToolbox.framework */; };
		3CDCF4091B6874DC00ADCFFF /* CFNetwork.framework in Frameworks */ = {isa = PBXBuildFile; fileRef = 3CDCF4081B6874DC00ADCFFF /* CFNetwork.framework */; };
		3CDCF40B1B6874E600ADCFFF /* CoreGraphics.framework in Frameworks */ = {isa = PBXBuildFile; fileRef = 3CDCF40A1B6874E600ADCFFF /* CoreGraphics.framework */; };
		3CDCF40D1B6874F000ADCFFF /* CoreLocation.framework in Frameworks */ = {isa = PBXBuildFile; fileRef = 3CDCF40C1B6874F000ADCFFF /* CoreLocation.framework */; };
		3CDCF40F1B68750700ADCFFF /* QuartzCore.framework in Frameworks */ = {isa = PBXBuildFile; fileRef = 3CDCF40E1B68750700ADCFFF /* QuartzCore.framework */; };
		3CDCF4111B68751100ADCFFF /* Security.framework in Frameworks */ = {isa = PBXBuildFile; fileRef = 3CDCF4101B68751100ADCFFF /* Security.framework */; };
		3CDCF4131B68751900ADCFFF /* StoreKit.framework in Frameworks */ = {isa = PBXBuildFile; fileRef = 3CDCF4121B68751900ADCFFF /* StoreKit.framework */; };
		3CDCF4151B68752400ADCFFF /* SystemConfiguration.framework in Frameworks */ = {isa = PBXBuildFile; fileRef = 3CDCF4141B68752400ADCFFF /* SystemConfiguration.framework */; };
		3CDCF4171B68753000ADCFFF /* libz.dylib in Frameworks */ = {isa = PBXBuildFile; fileRef = 3CDCF4161B68753000ADCFFF /* libz.dylib */; };
		3CDCF4191B68753D00ADCFFF /* libsqlite3.dylib in Frameworks */ = {isa = PBXBuildFile; fileRef = 3CDCF4181B68753D00ADCFFF /* libsqlite3.dylib */; };
		3CDCF41C1B687D6600ADCFFF /* LoginViewController.m in Sources */ = {isa = PBXBuildFile; fileRef = 3CDCF41B1B687D6600ADCFFF /* LoginViewController.m */; };
		3CDCF41F1B687D7E00ADCFFF /* SignupViewController.m in Sources */ = {isa = PBXBuildFile; fileRef = 3CDCF41E1B687D7E00ADCFFF /* SignupViewController.m */; };
		3CEFED761B701CFC00BFC91F /* CameraViewController.m in Sources */ = {isa = PBXBuildFile; fileRef = 3CEFED751B701CFC00BFC91F /* CameraViewController.m */; };
/* End PBXBuildFile section */

/* Begin PBXContainerItemProxy section */
		3C13336D1B65AFC700B18C60 /* PBXContainerItemProxy */ = {
			isa = PBXContainerItemProxy;
			containerPortal = 3C13334B1B65AFC700B18C60 /* Project object */;
			proxyType = 1;
			remoteGlobalIDString = 3C1333521B65AFC700B18C60;
			remoteInfo = Ribbit;
		};
/* End PBXContainerItemProxy section */

/* Begin PBXFileReference section */
		3C1333531B65AFC700B18C60 /* Ribbit.app */ = {isa = PBXFileReference; explicitFileType = wrapper.application; includeInIndex = 0; path = Ribbit.app; sourceTree = BUILT_PRODUCTS_DIR; };
		3C1333571B65AFC700B18C60 /* Info.plist */ = {isa = PBXFileReference; lastKnownFileType = text.plist.xml; path = Info.plist; sourceTree = "<group>"; };
		3C1333581B65AFC700B18C60 /* main.m */ = {isa = PBXFileReference; lastKnownFileType = sourcecode.c.objc; path = main.m; sourceTree = "<group>"; };
		3C13335A1B65AFC700B18C60 /* AppDelegate.h */ = {isa = PBXFileReference; lastKnownFileType = sourcecode.c.h; path = AppDelegate.h; sourceTree = "<group>"; };
		3C13335B1B65AFC700B18C60 /* AppDelegate.m */ = {isa = PBXFileReference; lastKnownFileType = sourcecode.c.objc; path = AppDelegate.m; sourceTree = "<group>"; };
		3C13335D1B65AFC700B18C60 /* ViewController.h */ = {isa = PBXFileReference; lastKnownFileType = sourcecode.c.h; path = ViewController.h; sourceTree = "<group>"; };
		3C13335E1B65AFC700B18C60 /* ViewController.m */ = {isa = PBXFileReference; lastKnownFileType = sourcecode.c.objc; path = ViewController.m; sourceTree = "<group>"; };
		3C1333611B65AFC700B18C60 /* Base */ = {isa = PBXFileReference; lastKnownFileType = file.storyboard; name = Base; path = Base.lproj/Main.storyboard; sourceTree = "<group>"; };
		3C1333631B65AFC700B18C60 /* Images.xcassets */ = {isa = PBXFileReference; lastKnownFileType = folder.assetcatalog; path = Images.xcassets; sourceTree = "<group>"; };
		3C1333661B65AFC700B18C60 /* Base */ = {isa = PBXFileReference; lastKnownFileType = file.xib; name = Base; path = Base.lproj/LaunchScreen.xib; sourceTree = "<group>"; };
		3C13336C1B65AFC700B18C60 /* RibbitTests.xctest */ = {isa = PBXFileReference; explicitFileType = wrapper.cfbundle; includeInIndex = 0; path = RibbitTests.xctest; sourceTree = BUILT_PRODUCTS_DIR; };
		3C1333711B65AFC700B18C60 /* Info.plist */ = {isa = PBXFileReference; lastKnownFileType = text.plist.xml; path = Info.plist; sourceTree = "<group>"; };
		3C1333721B65AFC700B18C60 /* RibbitTests.m */ = {isa = PBXFileReference; lastKnownFileType = sourcecode.c.objc; path = RibbitTests.m; sourceTree = "<group>"; };
		3C13337E1B65B2E300B18C60 /* camera.png */ = {isa = PBXFileReference; lastKnownFileType = image.png; path = camera.png; sourceTree = "<group>"; };
		3C13337F1B65B2E300B18C60 /* friends.png */ = {isa = PBXFileReference; lastKnownFileType = image.png; path = friends.png; sourceTree = "<group>"; };
		3C1333801B65B2E300B18C60 /* inbox.png */ = {isa = PBXFileReference; lastKnownFileType = image.png; path = inbox.png; sourceTree = "<group>"; };
		3C1333811B65B2E300B18C60 /* camera@2x.png */ = {isa = PBXFileReference; lastKnownFileType = image.png; path = "camera@2x.png"; sourceTree = "<group>"; };
		3C1333821B65B2E300B18C60 /* friends@2x.png */ = {isa = PBXFileReference; lastKnownFileType = image.png; path = "friends@2x.png"; sourceTree = "<group>"; };
		3C1333831B65B2E300B18C60 /* inbox@2x.png */ = {isa = PBXFileReference; lastKnownFileType = image.png; path = "inbox@2x.png"; sourceTree = "<group>"; };
		3C13338B1B65CFCF00B18C60 /* InboxTableViewController.h */ = {isa = PBXFileReference; fileEncoding = 4; lastKnownFileType = sourcecode.c.h; path = InboxTableViewController.h; sourceTree = "<group>"; };
		3C13338C1B65CFCF00B18C60 /* InboxTableViewController.m */ = {isa = PBXFileReference; fileEncoding = 4; lastKnownFileType = sourcecode.c.objc; path = InboxTableViewController.m; sourceTree = "<group>"; };
		3C235E3E1B6DE063003BECAE /* FriendsViewController.h */ = {isa = PBXFileReference; fileEncoding = 4; lastKnownFileType = sourcecode.c.h; path = FriendsViewController.h; sourceTree = "<group>"; };
		3C235E3F1B6DE063003BECAE /* FriendsViewController.m */ = {isa = PBXFileReference; fileEncoding = 4; lastKnownFileType = sourcecode.c.objc; path = FriendsViewController.m; sourceTree = "<group>"; };
		3CD6C0871B6C29930068DDC2 /* EditFriendsTableViewController.h */ = {isa = PBXFileReference; fileEncoding = 4; lastKnownFileType = sourcecode.c.h; path = EditFriendsTableViewController.h; sourceTree = "<group>"; };
		3CD6C0881B6C29930068DDC2 /* EditFriendsTableViewController.m */ = {isa = PBXFileReference; fileEncoding = 4; lastKnownFileType = sourcecode.c.objc; path = EditFriendsTableViewController.m; sourceTree = "<group>"; };
		3CDCF3FA1B68744700ADCFFF /* Bolts.framework */ = {isa = PBXFileReference; lastKnownFileType = wrapper.framework; path = Bolts.framework; sourceTree = "<group>"; };
		3CDCF3FB1B68744700ADCFFF /* Parse.framework */ = {isa = PBXFileReference; lastKnownFileType = wrapper.framework; path = Parse.framework; sourceTree = "<group>"; };
		3CDCF3FC1B68744700ADCFFF /* ParseCrashReporting.framework */ = {isa = PBXFileReference; lastKnownFileType = wrapper.framework; path = ParseCrashReporting.framework; sourceTree = "<group>"; };
		3CDCF3FD1B68744700ADCFFF /* ParseFacebookUtils.framework */ = {isa = PBXFileReference; lastKnownFileType = wrapper.framework; path = ParseFacebookUtils.framework; sourceTree = "<group>"; };
		3CDCF3FE1B68744700ADCFFF /* ParseFacebookUtilsV4.framework */ = {isa = PBXFileReference; lastKnownFileType = wrapper.framework; path = ParseFacebookUtilsV4.framework; sourceTree = "<group>"; };
		3CDCF3FF1B68744700ADCFFF /* ParseUI.framework */ = {isa = PBXFileReference; lastKnownFileType = wrapper.framework; path = ParseUI.framework; sourceTree = "<group>"; };
		3CDCF4061B6874D100ADCFFF /* AudioToolbox.framework */ = {isa = PBXFileReference; lastKnownFileType = wrapper.framework; name = AudioToolbox.framework; path = System/Library/Frameworks/AudioToolbox.framework; sourceTree = SDKROOT; };
		3CDCF4081B6874DC00ADCFFF /* CFNetwork.framework */ = {isa = PBXFileReference; lastKnownFileType = wrapper.framework; name = CFNetwork.framework; path = System/Library/Frameworks/CFNetwork.framework; sourceTree = SDKROOT; };
		3CDCF40A1B6874E600ADCFFF /* CoreGraphics.framework */ = {isa = PBXFileReference; lastKnownFileType = wrapper.framework; name = CoreGraphics.framework; path = System/Library/Frameworks/CoreGraphics.framework; sourceTree = SDKROOT; };
		3CDCF40C1B6874F000ADCFFF /* CoreLocation.framework */ = {isa = PBXFileReference; lastKnownFileType = wrapper.framework; name = CoreLocation.framework; path = System/Library/Frameworks/CoreLocation.framework; sourceTree = SDKROOT; };
		3CDCF40E1B68750700ADCFFF /* QuartzCore.framework */ = {isa = PBXFileReference; lastKnownFileType = wrapper.framework; name = QuartzCore.framework; path = System/Library/Frameworks/QuartzCore.framework; sourceTree = SDKROOT; };
		3CDCF4101B68751100ADCFFF /* Security.framework */ = {isa = PBXFileReference; lastKnownFileType = wrapper.framework; name = Security.framework; path = System/Library/Frameworks/Security.framework; sourceTree = SDKROOT; };
		3CDCF4121B68751900ADCFFF /* StoreKit.framework */ = {isa = PBXFileReference; lastKnownFileType = wrapper.framework; name = StoreKit.framework; path = System/Library/Frameworks/StoreKit.framework; sourceTree = SDKROOT; };
		3CDCF4141B68752400ADCFFF /* SystemConfiguration.framework */ = {isa = PBXFileReference; lastKnownFileType = wrapper.framework; name = SystemConfiguration.framework; path = System/Library/Frameworks/SystemConfiguration.framework; sourceTree = SDKROOT; };
		3CDCF4161B68753000ADCFFF /* libz.dylib */ = {isa = PBXFileReference; lastKnownFileType = "compiled.mach-o.dylib"; name = libz.dylib; path = usr/lib/libz.dylib; sourceTree = SDKROOT; };
		3CDCF4181B68753D00ADCFFF /* libsqlite3.dylib */ = {isa = PBXFileReference; lastKnownFileType = "compiled.mach-o.dylib"; name = libsqlite3.dylib; path = usr/lib/libsqlite3.dylib; sourceTree = SDKROOT; };
		3CDCF41A1B687D6600ADCFFF /* LoginViewController.h */ = {isa = PBXFileReference; fileEncoding = 4; lastKnownFileType = sourcecode.c.h; path = LoginViewController.h; sourceTree = "<group>"; };
		3CDCF41B1B687D6600ADCFFF /* LoginViewController.m */ = {isa = PBXFileReference; fileEncoding = 4; lastKnownFileType = sourcecode.c.objc; path = LoginViewController.m; sourceTree = "<group>"; };
		3CDCF41D1B687D7E00ADCFFF /* SignupViewController.h */ = {isa = PBXFileReference; fileEncoding = 4; lastKnownFileType = sourcecode.c.h; path = SignupViewController.h; sourceTree = "<group>"; };
		3CDCF41E1B687D7E00ADCFFF /* SignupViewController.m */ = {isa = PBXFileReference; fileEncoding = 4; lastKnownFileType = sourcecode.c.objc; path = SignupViewController.m; sourceTree = "<group>"; };
		3CEFED741B701CFC00BFC91F /* CameraViewController.h */ = {isa = PBXFileReference; fileEncoding = 4; lastKnownFileType = sourcecode.c.h; path = CameraViewController.h; sourceTree = "<group>"; };
		3CEFED751B701CFC00BFC91F /* CameraViewController.m */ = {isa = PBXFileReference; fileEncoding = 4; lastKnownFileType = sourcecode.c.objc; path = CameraViewController.m; sourceTree = "<group>"; };
/* End PBXFileReference section */

/* Begin PBXFrameworksBuildPhase section */
		3C1333501B65AFC700B18C60 /* Frameworks */ = {
			isa = PBXFrameworksBuildPhase;
			buildActionMask = 2147483647;
			files = (
				3CDCF4191B68753D00ADCFFF /* libsqlite3.dylib in Frameworks */,
				3CDCF4171B68753000ADCFFF /* libz.dylib in Frameworks */,
				3CDCF4151B68752400ADCFFF /* SystemConfiguration.framework in Frameworks */,
				3CDCF4131B68751900ADCFFF /* StoreKit.framework in Frameworks */,
				3CDCF4111B68751100ADCFFF /* Security.framework in Frameworks */,
				3CDCF40F1B68750700ADCFFF /* QuartzCore.framework in Frameworks */,
				3CDCF40D1B6874F000ADCFFF /* CoreLocation.framework in Frameworks */,
				3CDCF40B1B6874E600ADCFFF /* CoreGraphics.framework in Frameworks */,
				3CDCF4091B6874DC00ADCFFF /* CFNetwork.framework in Frameworks */,
				3CDCF4071B6874D100ADCFFF /* AudioToolbox.framework in Frameworks */,
				3CDCF4051B68744700ADCFFF /* ParseUI.framework in Frameworks */,
				3CDCF4011B68744700ADCFFF /* Parse.framework in Frameworks */,
				3CDCF4021B68744700ADCFFF /* ParseCrashReporting.framework in Frameworks */,
				3CDCF4031B68744700ADCFFF /* ParseFacebookUtils.framework in Frameworks */,
				3CDCF4001B68744700ADCFFF /* Bolts.framework in Frameworks */,
				3CDCF4041B68744700ADCFFF /* ParseFacebookUtilsV4.framework in Frameworks */,
			);
			runOnlyForDeploymentPostprocessing = 0;
		};
		3C1333691B65AFC700B18C60 /* Frameworks */ = {
			isa = PBXFrameworksBuildPhase;
			buildActionMask = 2147483647;
			files = (
			);
			runOnlyForDeploymentPostprocessing = 0;
		};
/* End PBXFrameworksBuildPhase section */

/* Begin PBXGroup section */
		3C13334A1B65AFC700B18C60 = {
			isa = PBXGroup;
			children = (
				3C1333551B65AFC700B18C60 /* Ribbit */,
				3C13336F1B65AFC700B18C60 /* RibbitTests */,
				3C1333541B65AFC700B18C60 /* Products */,
				3CDCF3F91B68744700ADCFFF /* Frameworks */,
			);
			sourceTree = "<group>";
		};
		3C1333541B65AFC700B18C60 /* Products */ = {
			isa = PBXGroup;
			children = (
				3C1333531B65AFC700B18C60 /* Ribbit.app */,
				3C13336C1B65AFC700B18C60 /* RibbitTests.xctest */,
			);
			name = Products;
			sourceTree = "<group>";
		};
		3C1333551B65AFC700B18C60 /* Ribbit */ = {
			isa = PBXGroup;
			children = (
				3C13335A1B65AFC700B18C60 /* AppDelegate.h */,
				3C13335B1B65AFC700B18C60 /* AppDelegate.m */,
				3C235E3E1B6DE063003BECAE /* FriendsViewController.h */,
				3C235E3F1B6DE063003BECAE /* FriendsViewController.m */,
				3CEFED741B701CFC00BFC91F /* CameraViewController.h */,
				3CEFED751B701CFC00BFC91F /* CameraViewController.m */,
				3C13335D1B65AFC700B18C60 /* ViewController.h */,
				3C13335E1B65AFC700B18C60 /* ViewController.m */,
				3C13338B1B65CFCF00B18C60 /* InboxTableViewController.h */,
				3C13338C1B65CFCF00B18C60 /* InboxTableViewController.m */,
				3CDCF41A1B687D6600ADCFFF /* LoginViewController.h */,
				3CDCF41B1B687D6600ADCFFF /* LoginViewController.m */,
				3CD6C0871B6C29930068DDC2 /* EditFriendsTableViewController.h */,
				3CD6C0881B6C29930068DDC2 /* EditFriendsTableViewController.m */,
				3CDCF41D1B687D7E00ADCFFF /* SignupViewController.h */,
				3CDCF41E1B687D7E00ADCFFF /* SignupViewController.m */,
				3C1333601B65AFC700B18C60 /* Main.storyboard */,
				3C1333631B65AFC700B18C60 /* Images.xcassets */,
				3C1333651B65AFC700B18C60 /* LaunchScreen.xib */,
				3C1333561B65AFC700B18C60 /* Supporting Files */,
			);
			path = Ribbit;
			sourceTree = "<group>";
		};
		3C1333561B65AFC700B18C60 /* Supporting Files */ = {
			isa = PBXGroup;
			children = (
				3C13338A1B65B2EB00B18C60 /* images */,
				3C1333571B65AFC700B18C60 /* Info.plist */,
				3C1333581B65AFC700B18C60 /* main.m */,
			);
			name = "Supporting Files";
			sourceTree = "<group>";
		};
		3C13336F1B65AFC700B18C60 /* RibbitTests */ = {
			isa = PBXGroup;
			children = (
				3C1333721B65AFC700B18C60 /* RibbitTests.m */,
				3C1333701B65AFC700B18C60 /* Supporting Files */,
			);
			path = RibbitTests;
			sourceTree = "<group>";
		};
		3C1333701B65AFC700B18C60 /* Supporting Files */ = {
			isa = PBXGroup;
			children = (
				3C1333711B65AFC700B18C60 /* Info.plist */,
			);
			name = "Supporting Files";
			sourceTree = "<group>";
		};
		3C13338A1B65B2EB00B18C60 /* images */ = {
			isa = PBXGroup;
			children = (
				3C13337F1B65B2E300B18C60 /* friends.png */,
				3C1333801B65B2E300B18C60 /* inbox.png */,
				3C1333811B65B2E300B18C60 /* camera@2x.png */,
				3C13337E1B65B2E300B18C60 /* camera.png */,
				3C1333821B65B2E300B18C60 /* friends@2x.png */,
				3C1333831B65B2E300B18C60 /* inbox@2x.png */,
			);
			name = images;
			path = ..;
			sourceTree = "<group>";
		};
		3CDCF3F91B68744700ADCFFF /* Frameworks */ = {
			isa = PBXGroup;
			children = (
				3CDCF4181B68753D00ADCFFF /* libsqlite3.dylib */,
				3CDCF4161B68753000ADCFFF /* libz.dylib */,
				3CDCF4141B68752400ADCFFF /* SystemConfiguration.framework */,
				3CDCF4121B68751900ADCFFF /* StoreKit.framework */,
				3CDCF4101B68751100ADCFFF /* Security.framework */,
				3CDCF40E1B68750700ADCFFF /* QuartzCore.framework */,
				3CDCF40C1B6874F000ADCFFF /* CoreLocation.framework */,
				3CDCF40A1B6874E600ADCFFF /* CoreGraphics.framework */,
				3CDCF4081B6874DC00ADCFFF /* CFNetwork.framework */,
				3CDCF4061B6874D100ADCFFF /* AudioToolbox.framework */,
				3CDCF3FA1B68744700ADCFFF /* Bolts.framework */,
				3CDCF3FB1B68744700ADCFFF /* Parse.framework */,
				3CDCF3FC1B68744700ADCFFF /* ParseCrashReporting.framework */,
				3CDCF3FD1B68744700ADCFFF /* ParseFacebookUtils.framework */,
				3CDCF3FE1B68744700ADCFFF /* ParseFacebookUtilsV4.framework */,
				3CDCF3FF1B68744700ADCFFF /* ParseUI.framework */,
			);
			name = Frameworks;
			path = "parse-library-1.7.5";
			sourceTree = "<group>";
		};
/* End PBXGroup section */

/* Begin PBXNativeTarget section */
		3C1333521B65AFC700B18C60 /* Ribbit */ = {
			isa = PBXNativeTarget;
			buildConfigurationList = 3C1333761B65AFC700B18C60 /* Build configuration list for PBXNativeTarget "Ribbit" */;
			buildPhases = (
				3C13334F1B65AFC700B18C60 /* Sources */,
				3C1333501B65AFC700B18C60 /* Frameworks */,
				3C1333511B65AFC700B18C60 /* Resources */,
			);
			buildRules = (
			);
			dependencies = (
			);
			name = Ribbit;
			productName = Ribbit;
			productReference = 3C1333531B65AFC700B18C60 /* Ribbit.app */;
			productType = "com.apple.product-type.application";
		};
		3C13336B1B65AFC700B18C60 /* RibbitTests */ = {
			isa = PBXNativeTarget;
			buildConfigurationList = 3C1333791B65AFC700B18C60 /* Build configuration list for PBXNativeTarget "RibbitTests" */;
			buildPhases = (
				3C1333681B65AFC700B18C60 /* Sources */,
				3C1333691B65AFC700B18C60 /* Frameworks */,
				3C13336A1B65AFC700B18C60 /* Resources */,
			);
			buildRules = (
			);
			dependencies = (
				3C13336E1B65AFC700B18C60 /* PBXTargetDependency */,
			);
			name = RibbitTests;
			productName = RibbitTests;
			productReference = 3C13336C1B65AFC700B18C60 /* RibbitTests.xctest */;
			productType = "com.apple.product-type.bundle.unit-test";
		};
/* End PBXNativeTarget section */

/* Begin PBXProject section */
		3C13334B1B65AFC700B18C60 /* Project object */ = {
			isa = PBXProject;
			attributes = {
				LastUpgradeCheck = 0640;
				ORGANIZATIONNAME = "Dean Laurea";
				TargetAttributes = {
					3C1333521B65AFC700B18C60 = {
						CreatedOnToolsVersion = 6.4;
						DevelopmentTeam = 6PSNARZ47D;
					};
					3C13336B1B65AFC700B18C60 = {
						CreatedOnToolsVersion = 6.4;
						TestTargetID = 3C1333521B65AFC700B18C60;
					};
				};
			};
			buildConfigurationList = 3C13334E1B65AFC700B18C60 /* Build configuration list for PBXProject "Ribbit" */;
			compatibilityVersion = "Xcode 3.2";
			developmentRegion = English;
			hasScannedForEncodings = 0;
			knownRegions = (
				en,
				Base,
			);
			mainGroup = 3C13334A1B65AFC700B18C60;
			productRefGroup = 3C1333541B65AFC700B18C60 /* Products */;
			projectDirPath = "";
			projectRoot = "";
			targets = (
				3C1333521B65AFC700B18C60 /* Ribbit */,
				3C13336B1B65AFC700B18C60 /* RibbitTests */,
			);
		};
/* End PBXProject section */

/* Begin PBXResourcesBuildPhase section */
		3C1333511B65AFC700B18C60 /* Resources */ = {
			isa = PBXResourcesBuildPhase;
			buildActionMask = 2147483647;
			files = (
				3C1333621B65AFC700B18C60 /* Main.storyboard in Resources */,
				3C1333671B65AFC700B18C60 /* LaunchScreen.xib in Resources */,
				3C1333861B65B2E300B18C60 /* inbox.png in Resources */,
				3C1333851B65B2E300B18C60 /* friends.png in Resources */,
				3C1333871B65B2E300B18C60 /* camera@2x.png in Resources */,
				3C1333841B65B2E300B18C60 /* camera.png in Resources */,
				3C1333881B65B2E300B18C60 /* friends@2x.png in Resources */,
				3C1333641B65AFC700B18C60 /* Images.xcassets in Resources */,
				3C1333891B65B2E300B18C60 /* inbox@2x.png in Resources */,
			);
			runOnlyForDeploymentPostprocessing = 0;
		};
		3C13336A1B65AFC700B18C60 /* Resources */ = {
			isa = PBXResourcesBuildPhase;
			buildActionMask = 2147483647;
			files = (
			);
			runOnlyForDeploymentPostprocessing = 0;
		};
/* End PBXResourcesBuildPhase section */

/* Begin PBXSourcesBuildPhase section */
		3C13334F1B65AFC700B18C60 /* Sources */ = {
			isa = PBXSourcesBuildPhase;
			buildActionMask = 2147483647;
			files = (
				3CD6C0891B6C29930068DDC2 /* EditFriendsTableViewController.m in Sources */,
				3CDCF41F1B687D7E00ADCFFF /* SignupViewController.m in Sources */,
				3C13338D1B65CFCF00B18C60 /* InboxTableViewController.m in Sources */,
				3C13335F1B65AFC700B18C60 /* ViewController.m in Sources */,
				3C235E401B6DE063003BECAE /* FriendsViewController.m in Sources */,
				3C13335C1B65AFC700B18C60 /* AppDelegate.m in Sources */,
				3CEFED761B701CFC00BFC91F /* CameraViewController.m in Sources */,
				3C1333591B65AFC700B18C60 /* main.m in Sources */,
				3CDCF41C1B687D6600ADCFFF /* LoginViewController.m in Sources */,
			);
			runOnlyForDeploymentPostprocessing = 0;
		};
		3C1333681B65AFC700B18C60 /* Sources */ = {
			isa = PBXSourcesBuildPhase;
			buildActionMask = 2147483647;
			files = (
				3C1333731B65AFC700B18C60 /* RibbitTests.m in Sources */,
			);
			runOnlyForDeploymentPostprocessing = 0;
		};
/* End PBXSourcesBuildPhase section */

/* Begin PBXTargetDependency section */
		3C13336E1B65AFC700B18C60 /* PBXTargetDependency */ = {
			isa = PBXTargetDependency;
			target = 3C1333521B65AFC700B18C60 /* Ribbit */;
			targetProxy = 3C13336D1B65AFC700B18C60 /* PBXContainerItemProxy */;
		};
/* End PBXTargetDependency section */

/* Begin PBXVariantGroup section */
		3C1333601B65AFC700B18C60 /* Main.storyboard */ = {
			isa = PBXVariantGroup;
			children = (
				3C1333611B65AFC700B18C60 /* Base */,
			);
			name = Main.storyboard;
			sourceTree = "<group>";
		};
		3C1333651B65AFC700B18C60 /* LaunchScreen.xib */ = {
			isa = PBXVariantGroup;
			children = (
				3C1333661B65AFC700B18C60 /* Base */,
			);
			name = LaunchScreen.xib;
			sourceTree = "<group>";
		};
/* End PBXVariantGroup section */

/* Begin XCBuildConfiguration section */
		3C1333741B65AFC700B18C60 /* Debug */ = {
			isa = XCBuildConfiguration;
			buildSettings = {
				ALWAYS_SEARCH_USER_PATHS = NO;
				CLANG_CXX_LANGUAGE_STANDARD = "gnu++0x";
				CLANG_CXX_LIBRARY = "libc++";
				CLANG_ENABLE_MODULES = YES;
				CLANG_ENABLE_OBJC_ARC = YES;
				CLANG_WARN_BOOL_CONVERSION = YES;
				CLANG_WARN_CONSTANT_CONVERSION = YES;
				CLANG_WARN_DIRECT_OBJC_ISA_USAGE = YES_ERROR;
				CLANG_WARN_EMPTY_BODY = YES;
				CLANG_WARN_ENUM_CONVERSION = YES;
				CLANG_WARN_INT_CONVERSION = YES;
				CLANG_WARN_OBJC_ROOT_CLASS = YES_ERROR;
				CLANG_WARN_UNREACHABLE_CODE = YES;
				CLANG_WARN__DUPLICATE_METHOD_MATCH = YES;
				"CODE_SIGN_IDENTITY[sdk=iphoneos*]" = "iPhone Developer";
				COPY_PHASE_STRIP = NO;
				DEBUG_INFORMATION_FORMAT = "dwarf-with-dsym";
				ENABLE_STRICT_OBJC_MSGSEND = YES;
				GCC_C_LANGUAGE_STANDARD = gnu99;
				GCC_DYNAMIC_NO_PIC = NO;
				GCC_NO_COMMON_BLOCKS = YES;
				GCC_OPTIMIZATION_LEVEL = 0;
				GCC_PREPROCESSOR_DEFINITIONS = (
					"DEBUG=1",
					"$(inherited)",
				);
				GCC_SYMBOLS_PRIVATE_EXTERN = NO;
				GCC_WARN_64_TO_32_BIT_CONVERSION = YES;
				GCC_WARN_ABOUT_RETURN_TYPE = YES_ERROR;
				GCC_WARN_UNDECLARED_SELECTOR = YES;
				GCC_WARN_UNINITIALIZED_AUTOS = YES_AGGRESSIVE;
				GCC_WARN_UNUSED_FUNCTION = YES;
				GCC_WARN_UNUSED_VARIABLE = YES;
				IPHONEOS_DEPLOYMENT_TARGET = 8.4;
				MTL_ENABLE_DEBUG_INFO = YES;
				ONLY_ACTIVE_ARCH = YES;
				SDKROOT = iphoneos;
			};
			name = Debug;
		};
		3C1333751B65AFC700B18C60 /* Release */ = {
			isa = XCBuildConfiguration;
			buildSettings = {
				ALWAYS_SEARCH_USER_PATHS = NO;
				CLANG_CXX_LANGUAGE_STANDARD = "gnu++0x";
				CLANG_CXX_LIBRARY = "libc++";
				CLANG_ENABLE_MODULES = YES;
				CLANG_ENABLE_OBJC_ARC = YES;
				CLANG_WARN_BOOL_CONVERSION = YES;
				CLANG_WARN_CONSTANT_CONVERSION = YES;
				CLANG_WARN_DIRECT_OBJC_ISA_USAGE = YES_ERROR;
				CLANG_WARN_EMPTY_BODY = YES;
				CLANG_WARN_ENUM_CONVERSION = YES;
				CLANG_WARN_INT_CONVERSION = YES;
				CLANG_WARN_OBJC_ROOT_CLASS = YES_ERROR;
				CLANG_WARN_UNREACHABLE_CODE = YES;
				CLANG_WARN__DUPLICATE_METHOD_MATCH = YES;
				"CODE_SIGN_IDENTITY[sdk=iphoneos*]" = "iPhone Developer";
				COPY_PHASE_STRIP = NO;
				DEBUG_INFORMATION_FORMAT = "dwarf-with-dsym";
				ENABLE_NS_ASSERTIONS = NO;
				ENABLE_STRICT_OBJC_MSGSEND = YES;
				GCC_C_LANGUAGE_STANDARD = gnu99;
				GCC_NO_COMMON_BLOCKS = YES;
				GCC_WARN_64_TO_32_BIT_CONVERSION = YES;
				GCC_WARN_ABOUT_RETURN_TYPE = YES_ERROR;
				GCC_WARN_UNDECLARED_SELECTOR = YES;
				GCC_WARN_UNINITIALIZED_AUTOS = YES_AGGRESSIVE;
				GCC_WARN_UNUSED_FUNCTION = YES;
				GCC_WARN_UNUSED_VARIABLE = YES;
				IPHONEOS_DEPLOYMENT_TARGET = 8.4;
				MTL_ENABLE_DEBUG_INFO = NO;
				SDKROOT = iphoneos;
				VALIDATE_PRODUCT = YES;
			};
			name = Release;
		};
		3C1333771B65AFC700B18C60 /* Debug */ = {
			isa = XCBuildConfiguration;
			buildSettings = {
				ASSETCATALOG_COMPILER_APPICON_NAME = AppIcon;
				CODE_SIGN_IDENTITY = "iPhone Developer";
				"CODE_SIGN_IDENTITY[sdk=iphoneos*]" = "iPhone Developer";
				FRAMEWORK_SEARCH_PATHS = (
					"$(inherited)",
					"$(PROJECT_DIR)/parse-library-1.7.5",
				);
				INFOPLIST_FILE = Ribbit/Info.plist;
				LD_RUNPATH_SEARCH_PATHS = "$(inherited) @executable_path/Frameworks";
				PRODUCT_NAME = "$(TARGET_NAME)";
				PROVISIONING_PROFILE = "";
			};
			name = Debug;
		};
		3C1333781B65AFC700B18C60 /* Release */ = {
			isa = XCBuildConfiguration;
			buildSettings = {
				ASSETCATALOG_COMPILER_APPICON_NAME = AppIcon;
				CODE_SIGN_IDENTITY = "iPhone Developer";
				"CODE_SIGN_IDENTITY[sdk=iphoneos*]" = "iPhone Developer";
				FRAMEWORK_SEARCH_PATHS = (
					"$(inherited)",
					"$(PROJECT_DIR)/parse-library-1.7.5",
				);
				INFOPLIST_FILE = Ribbit/Info.plist;
				LD_RUNPATH_SEARCH_PATHS = "$(inherited) @executable_path/Frameworks";
				PRODUCT_NAME = "$(TARGET_NAME)";
				PROVISIONING_PROFILE = "";
			};
			name = Release;
		};
		3C13337A1B65AFC700B18C60 /* Debug */ = {
			isa = XCBuildConfiguration;
			buildSettings = {
				BUNDLE_LOADER = "$(TEST_HOST)";
				FRAMEWORK_SEARCH_PATHS = (
					"$(SDKROOT)/Developer/Library/Frameworks",
					"$(inherited)",
				);
				GCC_PREPROCESSOR_DEFINITIONS = (
					"DEBUG=1",
					"$(inherited)",
				);
				INFOPLIST_FILE = RibbitTests/Info.plist;
				LD_RUNPATH_SEARCH_PATHS = "$(inherited) @executable_path/Frameworks @loader_path/Frameworks";
				PRODUCT_NAME = "$(TARGET_NAME)";
				TEST_HOST = "$(BUILT_PRODUCTS_DIR)/Ribbit.app/Ribbit";
			};
			name = Debug;
		};
		3C13337B1B65AFC700B18C60 /* Release */ = {
			isa = XCBuildConfiguration;
			buildSettings = {
				BUNDLE_LOADER = "$(TEST_HOST)";
				FRAMEWORK_SEARCH_PATHS = (
					"$(SDKROOT)/Developer/Library/Frameworks",
					"$(inherited)",
				);
				INFOPLIST_FILE = RibbitTests/Info.plist;
				LD_RUNPATH_SEARCH_PATHS = "$(inherited) @executable_path/Frameworks @loader_path/Frameworks";
				PRODUCT_NAME = "$(TARGET_NAME)";
				TEST_HOST = "$(BUILT_PRODUCTS_DIR)/Ribbit.app/Ribbit";
			};
			name = Release;
		};
/* End XCBuildConfiguration section */

/* Begin XCConfigurationList section */
		3C13334E1B65AFC700B18C60 /* Build configuration list for PBXProject "Ribbit" */ = {
			isa = XCConfigurationList;
			buildConfigurations = (
				3C1333741B65AFC700B18C60 /* Debug */,
				3C1333751B65AFC700B18C60 /* Release */,
			);
			defaultConfigurationIsVisible = 0;
			defaultConfigurationName = Release;
		};
		3C1333761B65AFC700B18C60 /* Build configuration list for PBXNativeTarget "Ribbit" */ = {
			isa = XCConfigurationList;
			buildConfigurations = (
				3C1333771B65AFC700B18C60 /* Debug */,
				3C1333781B65AFC700B18C60 /* Release */,
			);
			defaultConfigurationIsVisible = 0;
			defaultConfigurationName = Release;
		};
		3C1333791B65AFC700B18C60 /* Build configuration list for PBXNativeTarget "RibbitTests" */ = {
			isa = XCConfigurationList;
			buildConfigurations = (
				3C13337A1B65AFC700B18C60 /* Debug */,
				3C13337B1B65AFC700B18C60 /* Release */,
			);
			defaultConfigurationIsVisible = 0;
			defaultConfigurationName = Release;
		};
/* End XCConfigurationList section */
	};
	rootObject = 3C13334B1B65AFC700B18C60 /* Project object */;
}
